// !$*UTF8*$!
{
	archiveVersion = 1;
	classes = {
	};
	objectVersion = 46;
	objects = {

/* Begin PBXBuildFile section */
		193E7C971839B0140073D515 /* GestureHandler.m in Sources */ = {isa = PBXBuildFile; fileRef = 193E7C961839B0140073D515 /* GestureHandler.m */; };
		19E5F7181836186000E62BAF /* Foundation.framework in Frameworks */ = {isa = PBXBuildFile; fileRef = 19E5F7171836186000E62BAF /* Foundation.framework */; };
		19E5F71A1836186000E62BAF /* CoreGraphics.framework in Frameworks */ = {isa = PBXBuildFile; fileRef = 19E5F7191836186000E62BAF /* CoreGraphics.framework */; };
		19E5F71C1836186000E62BAF /* UIKit.framework in Frameworks */ = {isa = PBXBuildFile; fileRef = 19E5F71B1836186000E62BAF /* UIKit.framework */; };
		19E5F71E1836186000E62BAF /* GLKit.framework in Frameworks */ = {isa = PBXBuildFile; fileRef = 19E5F71D1836186000E62BAF /* GLKit.framework */; };
		19E5F7201836186000E62BAF /* OpenGLES.framework in Frameworks */ = {isa = PBXBuildFile; fileRef = 19E5F71F1836186000E62BAF /* OpenGLES.framework */; };
		19E5F7261836186000E62BAF /* InfoPlist.strings in Resources */ = {isa = PBXBuildFile; fileRef = 19E5F7241836186000E62BAF /* InfoPlist.strings */; };
		19E5F7281836186000E62BAF /* main.m in Sources */ = {isa = PBXBuildFile; fileRef = 19E5F7271836186000E62BAF /* main.m */; };
		19E5F72C1836186000E62BAF /* AppDelegate.m in Sources */ = {isa = PBXBuildFile; fileRef = 19E5F72B1836186000E62BAF /* AppDelegate.m */; };
		19E5F72F1836186000E62BAF /* Main_iPhone.storyboard in Resources */ = {isa = PBXBuildFile; fileRef = 19E5F72D1836186000E62BAF /* Main_iPhone.storyboard */; };
		19E5F7321836186000E62BAF /* Main_iPad.storyboard in Resources */ = {isa = PBXBuildFile; fileRef = 19E5F7301836186000E62BAF /* Main_iPad.storyboard */; };
		19E5F7341836186000E62BAF /* Shader.fsh in Resources */ = {isa = PBXBuildFile; fileRef = 19E5F7331836186000E62BAF /* Shader.fsh */; };
		19E5F7361836186000E62BAF /* Shader.vsh in Resources */ = {isa = PBXBuildFile; fileRef = 19E5F7351836186000E62BAF /* Shader.vsh */; };
		19E5F7391836186000E62BAF /* ViewController.m in Sources */ = {isa = PBXBuildFile; fileRef = 19E5F7381836186000E62BAF /* ViewController.m */; };
		19E5F73B1836186000E62BAF /* Images.xcassets in Resources */ = {isa = PBXBuildFile; fileRef = 19E5F73A1836186000E62BAF /* Images.xcassets */; };
		19E5F7421836186000E62BAF /* XCTest.framework in Frameworks */ = {isa = PBXBuildFile; fileRef = 19E5F7411836186000E62BAF /* XCTest.framework */; };
		19E5F7431836186000E62BAF /* Foundation.framework in Frameworks */ = {isa = PBXBuildFile; fileRef = 19E5F7171836186000E62BAF /* Foundation.framework */; };
		19E5F7441836186000E62BAF /* UIKit.framework in Frameworks */ = {isa = PBXBuildFile; fileRef = 19E5F71B1836186000E62BAF /* UIKit.framework */; };
		19E5F74C1836186000E62BAF /* InfoPlist.strings in Resources */ = {isa = PBXBuildFile; fileRef = 19E5F74A1836186000E62BAF /* InfoPlist.strings */; };
		19E5F74E1836186000E62BAF /* ToudaijiModelViewerTests.m in Sources */ = {isa = PBXBuildFile; fileRef = 19E5F74D1836186000E62BAF /* ToudaijiModelViewerTests.m */; };
/* End PBXBuildFile section */

/* Begin PBXContainerItemProxy section */
		19E5F7451836186000E62BAF /* PBXContainerItemProxy */ = {
			isa = PBXContainerItemProxy;
			containerPortal = 19E5F70C1836186000E62BAF /* Project object */;
			proxyType = 1;
			remoteGlobalIDString = 19E5F7131836186000E62BAF;
			remoteInfo = ToudaijiModelViewer;
		};
/* End PBXContainerItemProxy section */

/* Begin PBXFileReference section */
		193E7C951839B0140073D515 /* GestureHandler.h */ = {isa = PBXFileReference; fileEncoding = 4; lastKnownFileType = sourcecode.c.h; path = GestureHandler.h; sourceTree = "<group>"; };
		193E7C961839B0140073D515 /* GestureHandler.m */ = {isa = PBXFileReference; fileEncoding = 4; lastKnownFileType = sourcecode.c.objc; path = GestureHandler.m; sourceTree = "<group>"; };
		19E5F7141836186000E62BAF /* ToudaijiModelViewer.app */ = {isa = PBXFileReference; explicitFileType = wrapper.application; includeInIndex = 0; path = ToudaijiModelViewer.app; sourceTree = BUILT_PRODUCTS_DIR; };
		19E5F7171836186000E62BAF /* Foundation.framework */ = {isa = PBXFileReference; lastKnownFileType = wrapper.framework; name = Foundation.framework; path = System/Library/Frameworks/Foundation.framework; sourceTree = SDKROOT; };
		19E5F7191836186000E62BAF /* CoreGraphics.framework */ = {isa = PBXFileReference; lastKnownFileType = wrapper.framework; name = CoreGraphics.framework; path = System/Library/Frameworks/CoreGraphics.framework; sourceTree = SDKROOT; };
		19E5F71B1836186000E62BAF /* UIKit.framework */ = {isa = PBXFileReference; lastKnownFileType = wrapper.framework; name = UIKit.framework; path = System/Library/Frameworks/UIKit.framework; sourceTree = SDKROOT; };
		19E5F71D1836186000E62BAF /* GLKit.framework */ = {isa = PBXFileReference; lastKnownFileType = wrapper.framework; name = GLKit.framework; path = System/Library/Frameworks/GLKit.framework; sourceTree = SDKROOT; };
		19E5F71F1836186000E62BAF /* OpenGLES.framework */ = {isa = PBXFileReference; lastKnownFileType = wrapper.framework; name = OpenGLES.framework; path = System/Library/Frameworks/OpenGLES.framework; sourceTree = SDKROOT; };
		19E5F7231836186000E62BAF /* ToudaijiModelViewer-Info.plist */ = {isa = PBXFileReference; lastKnownFileType = text.plist.xml; path = "ToudaijiModelViewer-Info.plist"; sourceTree = "<group>"; };
		19E5F7251836186000E62BAF /* en */ = {isa = PBXFileReference; lastKnownFileType = text.plist.strings; name = en; path = en.lproj/InfoPlist.strings; sourceTree = "<group>"; };
		19E5F7271836186000E62BAF /* main.m */ = {isa = PBXFileReference; lastKnownFileType = sourcecode.c.objc; path = main.m; sourceTree = "<group>"; };
		19E5F7291836186000E62BAF /* ToudaijiModelViewer-Prefix.pch */ = {isa = PBXFileReference; lastKnownFileType = sourcecode.c.h; path = "ToudaijiModelViewer-Prefix.pch"; sourceTree = "<group>"; };
		19E5F72A1836186000E62BAF /* AppDelegate.h */ = {isa = PBXFileReference; lastKnownFileType = sourcecode.c.h; path = AppDelegate.h; sourceTree = "<group>"; };
		19E5F72B1836186000E62BAF /* AppDelegate.m */ = {isa = PBXFileReference; lastKnownFileType = sourcecode.c.objc; path = AppDelegate.m; sourceTree = "<group>"; };
		19E5F72E1836186000E62BAF /* Base */ = {isa = PBXFileReference; lastKnownFileType = file.storyboard; name = Base; path = Base.lproj/Main_iPhone.storyboard; sourceTree = "<group>"; };
		19E5F7311836186000E62BAF /* Base */ = {isa = PBXFileReference; lastKnownFileType = file.storyboard; name = Base; path = Base.lproj/Main_iPad.storyboard; sourceTree = "<group>"; };
		19E5F7331836186000E62BAF /* Shader.fsh */ = {isa = PBXFileReference; lastKnownFileType = sourcecode.glsl; name = Shader.fsh; path = Shaders/Shader.fsh; sourceTree = "<group>"; };
		19E5F7351836186000E62BAF /* Shader.vsh */ = {isa = PBXFileReference; lastKnownFileType = sourcecode.glsl; name = Shader.vsh; path = Shaders/Shader.vsh; sourceTree = "<group>"; };
		19E5F7371836186000E62BAF /* ViewController.h */ = {isa = PBXFileReference; lastKnownFileType = sourcecode.c.h; path = ViewController.h; sourceTree = "<group>"; };
		19E5F7381836186000E62BAF /* ViewController.m */ = {isa = PBXFileReference; lastKnownFileType = sourcecode.c.objc; path = ViewController.m; sourceTree = "<group>"; };
		19E5F73A1836186000E62BAF /* Images.xcassets */ = {isa = PBXFileReference; lastKnownFileType = folder.assetcatalog; path = Images.xcassets; sourceTree = "<group>"; };
		19E5F7401836186000E62BAF /* ToudaijiModelViewerTests.xctest */ = {isa = PBXFileReference; explicitFileType = wrapper.cfbundle; includeInIndex = 0; path = ToudaijiModelViewerTests.xctest; sourceTree = BUILT_PRODUCTS_DIR; };
		19E5F7411836186000E62BAF /* XCTest.framework */ = {isa = PBXFileReference; lastKnownFileType = wrapper.framework; name = XCTest.framework; path = Library/Frameworks/XCTest.framework; sourceTree = DEVELOPER_DIR; };
		19E5F7491836186000E62BAF /* ToudaijiModelViewerTests-Info.plist */ = {isa = PBXFileReference; lastKnownFileType = text.plist.xml; path = "ToudaijiModelViewerTests-Info.plist"; sourceTree = "<group>"; };
		19E5F74B1836186000E62BAF /* en */ = {isa = PBXFileReference; lastKnownFileType = text.plist.strings; name = en; path = en.lproj/InfoPlist.strings; sourceTree = "<group>"; };
		19E5F74D1836186000E62BAF /* ToudaijiModelViewerTests.m */ = {isa = PBXFileReference; lastKnownFileType = sourcecode.c.objc; path = ToudaijiModelViewerTests.m; sourceTree = "<group>"; };
/* End PBXFileReference section */

/* Begin PBXFrameworksBuildPhase section */
		19E5F7111836186000E62BAF /* Frameworks */ = {
			isa = PBXFrameworksBuildPhase;
			buildActionMask = 2147483647;
			files = (
				19E5F7201836186000E62BAF /* OpenGLES.framework in Frameworks */,
				19E5F71A1836186000E62BAF /* CoreGraphics.framework in Frameworks */,
				19E5F71C1836186000E62BAF /* UIKit.framework in Frameworks */,
				19E5F71E1836186000E62BAF /* GLKit.framework in Frameworks */,
				19E5F7181836186000E62BAF /* Foundation.framework in Frameworks */,
			);
			runOnlyForDeploymentPostprocessing = 0;
		};
		19E5F73D1836186000E62BAF /* Frameworks */ = {
			isa = PBXFrameworksBuildPhase;
			buildActionMask = 2147483647;
			files = (
				19E5F7421836186000E62BAF /* XCTest.framework in Frameworks */,
				19E5F7441836186000E62BAF /* UIKit.framework in Frameworks */,
				19E5F7431836186000E62BAF /* Foundation.framework in Frameworks */,
			);
			runOnlyForDeploymentPostprocessing = 0;
		};
/* End PBXFrameworksBuildPhase section */

/* Begin PBXGroup section */
		193E7C85183995A80073D515 /* Framework */ = {
			isa = PBXGroup;
			children = (
				19E5F72A1836186000E62BAF /* AppDelegate.h */,
				19E5F72B1836186000E62BAF /* AppDelegate.m */,
				19E5F72D1836186000E62BAF /* Main_iPhone.storyboard */,
				19E5F7301836186000E62BAF /* Main_iPad.storyboard */,
				19E5F7331836186000E62BAF /* Shader.fsh */,
				19E5F7351836186000E62BAF /* Shader.vsh */,
				19E5F7371836186000E62BAF /* ViewController.h */,
				19E5F7381836186000E62BAF /* ViewController.m */,
				19E5F73A1836186000E62BAF /* Images.xcassets */,
			);
			name = Framework;
			sourceTree = "<group>";
		};
		193E7C861839AA610073D515 /* Implementation */ = {
			isa = PBXGroup;
			children = (
				193E7C871839AC510073D515 /* GestureHandler */,
			);
			name = Implementation;
			sourceTree = "<group>";
		};
		193E7C871839AC510073D515 /* GestureHandler */ = {
			isa = PBXGroup;
			children = (
				193E7C951839B0140073D515 /* GestureHandler.h */,
				193E7C961839B0140073D515 /* GestureHandler.m */,
			);
			name = GestureHandler;
			sourceTree = "<group>";
		};
		19E5F70B1836186000E62BAF = {
			isa = PBXGroup;
			children = (
				19E5F7211836186000E62BAF /* ToudaijiModelViewer */,
				19E5F7471836186000E62BAF /* ToudaijiModelViewerTests */,
				19E5F7161836186000E62BAF /* Frameworks */,
				19E5F7151836186000E62BAF /* Products */,
			);
			sourceTree = "<group>";
		};
		19E5F7151836186000E62BAF /* Products */ = {
			isa = PBXGroup;
			children = (
				19E5F7141836186000E62BAF /* ToudaijiModelViewer.app */,
				19E5F7401836186000E62BAF /* ToudaijiModelViewerTests.xctest */,
			);
			name = Products;
			sourceTree = "<group>";
		};
		19E5F7161836186000E62BAF /* Frameworks */ = {
			isa = PBXGroup;
			children = (
				19E5F7171836186000E62BAF /* Foundation.framework */,
				19E5F7191836186000E62BAF /* CoreGraphics.framework */,
				19E5F71B1836186000E62BAF /* UIKit.framework */,
				19E5F71D1836186000E62BAF /* GLKit.framework */,
				19E5F71F1836186000E62BAF /* OpenGLES.framework */,
				19E5F7411836186000E62BAF /* XCTest.framework */,
			);
			name = Frameworks;
			sourceTree = "<group>";
		};
		19E5F7211836186000E62BAF /* ToudaijiModelViewer */ = {
			isa = PBXGroup;
			children = (
				193E7C861839AA610073D515 /* Implementation */,
				193E7C85183995A80073D515 /* Framework */,
				19E5F7221836186000E62BAF /* Supporting Files */,
			);
			path = ToudaijiModelViewer;
			sourceTree = "<group>";
		};
		19E5F7221836186000E62BAF /* Supporting Files */ = {
			isa = PBXGroup;
			children = (
				19E5F7231836186000E62BAF /* ToudaijiModelViewer-Info.plist */,
				19E5F7241836186000E62BAF /* InfoPlist.strings */,
				19E5F7271836186000E62BAF /* main.m */,
				19E5F7291836186000E62BAF /* ToudaijiModelViewer-Prefix.pch */,
			);
			name = "Supporting Files";
			sourceTree = "<group>";
		};
		19E5F7471836186000E62BAF /* ToudaijiModelViewerTests */ = {
			isa = PBXGroup;
			children = (
				19E5F74D1836186000E62BAF /* ToudaijiModelViewerTests.m */,
				19E5F7481836186000E62BAF /* Supporting Files */,
			);
			path = ToudaijiModelViewerTests;
			sourceTree = "<group>";
		};
		19E5F7481836186000E62BAF /* Supporting Files */ = {
			isa = PBXGroup;
			children = (
				19E5F7491836186000E62BAF /* ToudaijiModelViewerTests-Info.plist */,
				19E5F74A1836186000E62BAF /* InfoPlist.strings */,
			);
			name = "Supporting Files";
			sourceTree = "<group>";
		};
/* End PBXGroup section */

/* Begin PBXNativeTarget section */
		19E5F7131836186000E62BAF /* ToudaijiModelViewer */ = {
			isa = PBXNativeTarget;
			buildConfigurationList = 19E5F7511836186000E62BAF /* Build configuration list for PBXNativeTarget "ToudaijiModelViewer" */;
			buildPhases = (
				19E5F7101836186000E62BAF /* Sources */,
				19E5F7111836186000E62BAF /* Frameworks */,
				19E5F7121836186000E62BAF /* Resources */,
			);
			buildRules = (
			);
			dependencies = (
			);
			name = ToudaijiModelViewer;
			productName = ToudaijiModelViewer;
			productReference = 19E5F7141836186000E62BAF /* ToudaijiModelViewer.app */;
			productType = "com.apple.product-type.application";
		};
		19E5F73F1836186000E62BAF /* ToudaijiModelViewerTests */ = {
			isa = PBXNativeTarget;
			buildConfigurationList = 19E5F7541836186000E62BAF /* Build configuration list for PBXNativeTarget "ToudaijiModelViewerTests" */;
			buildPhases = (
				19E5F73C1836186000E62BAF /* Sources */,
				19E5F73D1836186000E62BAF /* Frameworks */,
				19E5F73E1836186000E62BAF /* Resources */,
			);
			buildRules = (
			);
			dependencies = (
				19E5F7461836186000E62BAF /* PBXTargetDependency */,
			);
			name = ToudaijiModelViewerTests;
			productName = ToudaijiModelViewerTests;
			productReference = 19E5F7401836186000E62BAF /* ToudaijiModelViewerTests.xctest */;
			productType = "com.apple.product-type.bundle.unit-test";
		};
/* End PBXNativeTarget section */

/* Begin PBXProject section */
		19E5F70C1836186000E62BAF /* Project object */ = {
			isa = PBXProject;
			attributes = {
				LastUpgradeCheck = 0500;
				ORGANIZATIONNAME = "Arno in Wolde Lübke";
				TargetAttributes = {
					19E5F73F1836186000E62BAF = {
						TestTargetID = 19E5F7131836186000E62BAF;
					};
				};
			};
			buildConfigurationList = 19E5F70F1836186000E62BAF /* Build configuration list for PBXProject "ToudaijiModelViewer" */;
			compatibilityVersion = "Xcode 3.2";
			developmentRegion = English;
			hasScannedForEncodings = 0;
			knownRegions = (
				en,
				Base,
			);
			mainGroup = 19E5F70B1836186000E62BAF;
			productRefGroup = 19E5F7151836186000E62BAF /* Products */;
			projectDirPath = "";
			projectRoot = "";
			targets = (
				19E5F7131836186000E62BAF /* ToudaijiModelViewer */,
				19E5F73F1836186000E62BAF /* ToudaijiModelViewerTests */,
			);
		};
/* End PBXProject section */

/* Begin PBXResourcesBuildPhase section */
		19E5F7121836186000E62BAF /* Resources */ = {
			isa = PBXResourcesBuildPhase;
			buildActionMask = 2147483647;
			files = (
				19E5F7341836186000E62BAF /* Shader.fsh in Resources */,
				19E5F7321836186000E62BAF /* Main_iPad.storyboard in Resources */,
				19E5F72F1836186000E62BAF /* Main_iPhone.storyboard in Resources */,
				19E5F73B1836186000E62BAF /* Images.xcassets in Resources */,
				19E5F7261836186000E62BAF /* InfoPlist.strings in Resources */,
				19E5F7361836186000E62BAF /* Shader.vsh in Resources */,
			);
			runOnlyForDeploymentPostprocessing = 0;
		};
		19E5F73E1836186000E62BAF /* Resources */ = {
			isa = PBXResourcesBuildPhase;
			buildActionMask = 2147483647;
			files = (
				19E5F74C1836186000E62BAF /* InfoPlist.strings in Resources */,
			);
			runOnlyForDeploymentPostprocessing = 0;
		};
/* End PBXResourcesBuildPhase section */

/* Begin PBXSourcesBuildPhase section */
		19E5F7101836186000E62BAF /* Sources */ = {
			isa = PBXSourcesBuildPhase;
			buildActionMask = 2147483647;
			files = (
				193E7C971839B0140073D515 /* GestureHandler.m in Sources */,
				19E5F7391836186000E62BAF /* ViewController.m in Sources */,
				19E5F72C1836186000E62BAF /* AppDelegate.m in Sources */,
				19E5F7281836186000E62BAF /* main.m in Sources */,
			);
			runOnlyForDeploymentPostprocessing = 0;
		};
		19E5F73C1836186000E62BAF /* Sources */ = {
			isa = PBXSourcesBuildPhase;
			buildActionMask = 2147483647;
			files = (
				19E5F74E1836186000E62BAF /* ToudaijiModelViewerTests.m in Sources */,
			);
			runOnlyForDeploymentPostprocessing = 0;
		};
/* End PBXSourcesBuildPhase section */

/* Begin PBXTargetDependency section */
		19E5F7461836186000E62BAF /* PBXTargetDependency */ = {
			isa = PBXTargetDependency;
			target = 19E5F7131836186000E62BAF /* ToudaijiModelViewer */;
			targetProxy = 19E5F7451836186000E62BAF /* PBXContainerItemProxy */;
		};
/* End PBXTargetDependency section */

/* Begin PBXVariantGroup section */
		19E5F7241836186000E62BAF /* InfoPlist.strings */ = {
			isa = PBXVariantGroup;
			children = (
				19E5F7251836186000E62BAF /* en */,
			);
			name = InfoPlist.strings;
			sourceTree = "<group>";
		};
		19E5F72D1836186000E62BAF /* Main_iPhone.storyboard */ = {
			isa = PBXVariantGroup;
			children = (
				19E5F72E1836186000E62BAF /* Base */,
			);
			name = Main_iPhone.storyboard;
			sourceTree = "<group>";
		};
		19E5F7301836186000E62BAF /* Main_iPad.storyboard */ = {
			isa = PBXVariantGroup;
			children = (
				19E5F7311836186000E62BAF /* Base */,
			);
			name = Main_iPad.storyboard;
			sourceTree = "<group>";
		};
		19E5F74A1836186000E62BAF /* InfoPlist.strings */ = {
			isa = PBXVariantGroup;
			children = (
				19E5F74B1836186000E62BAF /* en */,
			);
			name = InfoPlist.strings;
			sourceTree = "<group>";
		};
/* End PBXVariantGroup section */

/* Begin XCBuildConfiguration section */
		19E5F74F1836186000E62BAF /* Debug */ = {
			isa = XCBuildConfiguration;
			buildSettings = {
				ALWAYS_SEARCH_USER_PATHS = NO;
				ARCHS = "$(ARCHS_STANDARD_INCLUDING_64_BIT)";
				CLANG_CXX_LANGUAGE_STANDARD = "gnu++0x";
				CLANG_CXX_LIBRARY = "libc++";
				CLANG_ENABLE_MODULES = YES;
				CLANG_ENABLE_OBJC_ARC = YES;
				CLANG_WARN_BOOL_CONVERSION = YES;
				CLANG_WARN_CONSTANT_CONVERSION = YES;
				CLANG_WARN_DIRECT_OBJC_ISA_USAGE = YES_ERROR;
				CLANG_WARN_EMPTY_BODY = YES;
				CLANG_WARN_ENUM_CONVERSION = YES;
				CLANG_WARN_INT_CONVERSION = YES;
				CLANG_WARN_OBJC_ROOT_CLASS = YES_ERROR;
				CLANG_WARN__DUPLICATE_METHOD_MATCH = YES;
				"CODE_SIGN_IDENTITY[sdk=iphoneos*]" = "iPhone Developer";
				COPY_PHASE_STRIP = NO;
				GCC_C_LANGUAGE_STANDARD = gnu99;
				GCC_DYNAMIC_NO_PIC = NO;
				GCC_OPTIMIZATION_LEVEL = 0;
				GCC_PREPROCESSOR_DEFINITIONS = (
					"DEBUG=1",
					"$(inherited)",
				);
				GCC_SYMBOLS_PRIVATE_EXTERN = NO;
				GCC_WARN_64_TO_32_BIT_CONVERSION = YES;
				GCC_WARN_ABOUT_RETURN_TYPE = YES_ERROR;
				GCC_WARN_UNDECLARED_SELECTOR = YES;
				GCC_WARN_UNINITIALIZED_AUTOS = YES;
				GCC_WARN_UNUSED_FUNCTION = YES;
				GCC_WARN_UNUSED_VARIABLE = YES;
				IPHONEOS_DEPLOYMENT_TARGET = 7.0;
				ONLY_ACTIVE_ARCH = YES;
				SDKROOT = iphoneos;
				TARGETED_DEVICE_FAMILY = "1,2";
			};
			name = Debug;
		};
		19E5F7501836186000E62BAF /* Release */ = {
			isa = XCBuildConfiguration;
			buildSettings = {
				ALWAYS_SEARCH_USER_PATHS = NO;
				ARCHS = "$(ARCHS_STANDARD_INCLUDING_64_BIT)";
				CLANG_CXX_LANGUAGE_STANDARD = "gnu++0x";
				CLANG_CXX_LIBRARY = "libc++";
				CLANG_ENABLE_MODULES = YES;
				CLANG_ENABLE_OBJC_ARC = YES;
				CLANG_WARN_BOOL_CONVERSION = YES;
				CLANG_WARN_CONSTANT_CONVERSION = YES;
				CLANG_WARN_DIRECT_OBJC_ISA_USAGE = YES_ERROR;
				CLANG_WARN_EMPTY_BODY = YES;
				CLANG_WARN_ENUM_CONVERSION = YES;
				CLANG_WARN_INT_CONVERSION = YES;
				CLANG_WARN_OBJC_ROOT_CLASS = YES_ERROR;
				CLANG_WARN__DUPLICATE_METHOD_MATCH = YES;
				"CODE_SIGN_IDENTITY[sdk=iphoneos*]" = "iPhone Developer";
				COPY_PHASE_STRIP = YES;
				ENABLE_NS_ASSERTIONS = NO;
				GCC_C_LANGUAGE_STANDARD = gnu99;
				GCC_WARN_64_TO_32_BIT_CONVERSION = YES;
				GCC_WARN_ABOUT_RETURN_TYPE = YES_ERROR;
				GCC_WARN_UNDECLARED_SELECTOR = YES;
				GCC_WARN_UNINITIALIZED_AUTOS = YES;
				GCC_WARN_UNUSED_FUNCTION = YES;
				GCC_WARN_UNUSED_VARIABLE = YES;
				IPHONEOS_DEPLOYMENT_TARGET = 7.0;
				SDKROOT = iphoneos;
				TARGETED_DEVICE_FAMILY = "1,2";
				VALIDATE_PRODUCT = YES;
			};
			name = Release;
		};
		19E5F7521836186000E62BAF /* Debug */ = {
			isa = XCBuildConfiguration;
			buildSettings = {
				ASSETCATALOG_COMPILER_APPICON_NAME = AppIcon;
				ASSETCATALOG_COMPILER_LAUNCHIMAGE_NAME = LaunchImage;
				GCC_PRECOMPILE_PREFIX_HEADER = YES;
				GCC_PREFIX_HEADER = "ToudaijiModelViewer/ToudaijiModelViewer-Prefix.pch";
				INFOPLIST_FILE = "ToudaijiModelViewer/ToudaijiModelViewer-Info.plist";
				IPHONEOS_DEPLOYMENT_TARGET = 6.1;
				PRODUCT_NAME = "$(TARGET_NAME)";
				PROVISIONING_PROFILE = "8803A4A0-B2EB-4448-BAA8-0EA281857374";
				WRAPPER_EXTENSION = app;
			};
			name = Debug;
		};
		19E5F7531836186000E62BAF /* Release */ = {
			isa = XCBuildConfiguration;
			buildSettings = {
				ASSETCATALOG_COMPILER_APPICON_NAME = AppIcon;
				ASSETCATALOG_COMPILER_LAUNCHIMAGE_NAME = LaunchImage;
				GCC_PRECOMPILE_PREFIX_HEADER = YES;
				GCC_PREFIX_HEADER = "ToudaijiModelViewer/ToudaijiModelViewer-Prefix.pch";
				INFOPLIST_FILE = "ToudaijiModelViewer/ToudaijiModelViewer-Info.plist";
				IPHONEOS_DEPLOYMENT_TARGET = 6.1;
				PRODUCT_NAME = "$(TARGET_NAME)";
				PROVISIONING_PROFILE = "8803A4A0-B2EB-4448-BAA8-0EA281857374";
				WRAPPER_EXTENSION = app;
			};
			name = Release;
		};
		19E5F7551836186000E62BAF /* Debug */ = {
			isa = XCBuildConfiguration;
			buildSettings = {
				ARCHS = "$(ARCHS_STANDARD_INCLUDING_64_BIT)";
				BUNDLE_LOADER = "$(BUILT_PRODUCTS_DIR)/ToudaijiModelViewer.app/ToudaijiModelViewer";
				FRAMEWORK_SEARCH_PATHS = (
					"$(SDKROOT)/Developer/Library/Frameworks",
					"$(inherited)",
					"$(DEVELOPER_FRAMEWORKS_DIR)",
				);
				GCC_PRECOMPILE_PREFIX_HEADER = YES;
				GCC_PREFIX_HEADER = "ToudaijiModelViewer/ToudaijiModelViewer-Prefix.pch";
				GCC_PREPROCESSOR_DEFINITIONS = (
					"DEBUG=1",
					"$(inherited)",
				);
				INFOPLIST_FILE = "ToudaijiModelViewerTests/ToudaijiModelViewerTests-Info.plist";
				PRODUCT_NAME = "$(TARGET_NAME)";
				TEST_HOST = "$(BUNDLE_LOADER)";
				WRAPPER_EXTENSION = xctest;
			};
			name = Debug;
		};
		19E5F7561836186000E62BAF /* Release */ = {
			isa = XCBuildConfiguration;
			buildSettings = {
				ARCHS = "$(ARCHS_STANDARD_INCLUDING_64_BIT)";
				BUNDLE_LOADER = "$(BUILT_PRODUCTS_DIR)/ToudaijiModelViewer.app/ToudaijiModelViewer";
				FRAMEWORK_SEARCH_PATHS = (
					"$(SDKROOT)/Developer/Library/Frameworks",
					"$(inherited)",
					"$(DEVELOPER_FRAMEWORKS_DIR)",
				);
				GCC_PRECOMPILE_PREFIX_HEADER = YES;
				GCC_PREFIX_HEADER = "ToudaijiModelViewer/ToudaijiModelViewer-Prefix.pch";
				INFOPLIST_FILE = "ToudaijiModelViewerTests/ToudaijiModelViewerTests-Info.plist";
				PRODUCT_NAME = "$(TARGET_NAME)";
				TEST_HOST = "$(BUNDLE_LOADER)";
				WRAPPER_EXTENSION = xctest;
			};
			name = Release;
		};
/* End XCBuildConfiguration section */

/* Begin XCConfigurationList section */
		19E5F70F1836186000E62BAF /* Build configuration list for PBXProject "ToudaijiModelViewer" */ = {
			isa = XCConfigurationList;
			buildConfigurations = (
				19E5F74F1836186000E62BAF /* Debug */,
				19E5F7501836186000E62BAF /* Release */,
			);
			defaultConfigurationIsVisible = 0;
			defaultConfigurationName = Release;
		};
		19E5F7511836186000E62BAF /* Build configuration list for PBXNativeTarget "ToudaijiModelViewer" */ = {
			isa = XCConfigurationList;
			buildConfigurations = (
				19E5F7521836186000E62BAF /* Debug */,
				19E5F7531836186000E62BAF /* Release */,
			);
			defaultConfigurationIsVisible = 0;
			defaultConfigurationName = Release;
		};
		19E5F7541836186000E62BAF /* Build configuration list for PBXNativeTarget "ToudaijiModelViewerTests" */ = {
			isa = XCConfigurationList;
			buildConfigurations = (
				19E5F7551836186000E62BAF /* Debug */,
				19E5F7561836186000E62BAF /* Release */,
			);
			defaultConfigurationIsVisible = 0;
			defaultConfigurationName = Release;
		};
/* End XCConfigurationList section */
	};
	rootObject = 19E5F70C1836186000E62BAF /* Project object */;
}
