// !$*UTF8*$!
{
	archiveVersion = 1;
	classes = {
	};
	objectVersion = 46;
	objects = {

/* Begin PBXBuildFile section */
		198A4739181F7C88008FAB31 /* Foundation.framework in Frameworks */ = {isa = PBXBuildFile; fileRef = 198A4738181F7C88008FAB31 /* Foundation.framework */; };
		198A473B181F7C88008FAB31 /* CoreGraphics.framework in Frameworks */ = {isa = PBXBuildFile; fileRef = 198A473A181F7C88008FAB31 /* CoreGraphics.framework */; };
		198A473D181F7C88008FAB31 /* UIKit.framework in Frameworks */ = {isa = PBXBuildFile; fileRef = 198A473C181F7C88008FAB31 /* UIKit.framework */; };
		198A4743181F7C88008FAB31 /* InfoPlist.strings in Resources */ = {isa = PBXBuildFile; fileRef = 198A4741181F7C88008FAB31 /* InfoPlist.strings */; };
		198A4745181F7C88008FAB31 /* main.m in Sources */ = {isa = PBXBuildFile; fileRef = 198A4744181F7C88008FAB31 /* main.m */; };
		198A4749181F7C88008FAB31 /* AppDelegate.m in Sources */ = {isa = PBXBuildFile; fileRef = 198A4748181F7C88008FAB31 /* AppDelegate.m */; };
		198A474C181F7C88008FAB31 /* Main_iPhone.storyboard in Resources */ = {isa = PBXBuildFile; fileRef = 198A474A181F7C88008FAB31 /* Main_iPhone.storyboard */; };
		198A474F181F7C88008FAB31 /* Main_iPad.storyboard in Resources */ = {isa = PBXBuildFile; fileRef = 198A474D181F7C88008FAB31 /* Main_iPad.storyboard */; };
		198A4752181F7C88008FAB31 /* ViewController.m in Sources */ = {isa = PBXBuildFile; fileRef = 198A4751181F7C88008FAB31 /* ViewController.m */; };
		198A4754181F7C88008FAB31 /* Images.xcassets in Resources */ = {isa = PBXBuildFile; fileRef = 198A4753181F7C88008FAB31 /* Images.xcassets */; };
		198A475B181F7C88008FAB31 /* XCTest.framework in Frameworks */ = {isa = PBXBuildFile; fileRef = 198A475A181F7C88008FAB31 /* XCTest.framework */; };
		198A475C181F7C88008FAB31 /* Foundation.framework in Frameworks */ = {isa = PBXBuildFile; fileRef = 198A4738181F7C88008FAB31 /* Foundation.framework */; };
		198A475D181F7C88008FAB31 /* UIKit.framework in Frameworks */ = {isa = PBXBuildFile; fileRef = 198A473C181F7C88008FAB31 /* UIKit.framework */; };
		198A4765181F7C88008FAB31 /* InfoPlist.strings in Resources */ = {isa = PBXBuildFile; fileRef = 198A4763181F7C88008FAB31 /* InfoPlist.strings */; };
		198A4767181F7C88008FAB31 /* CameraCaptureTests.m in Sources */ = {isa = PBXBuildFile; fileRef = 198A4766181F7C88008FAB31 /* CameraCaptureTests.m */; };
		198A4771181F7CDB008FAB31 /* AVFoundation.framework in Frameworks */ = {isa = PBXBuildFile; fileRef = 198A4770181F7CDB008FAB31 /* AVFoundation.framework */; };
/* End PBXBuildFile section */

/* Begin PBXContainerItemProxy section */
		198A475E181F7C88008FAB31 /* PBXContainerItemProxy */ = {
			isa = PBXContainerItemProxy;
			containerPortal = 198A472D181F7C88008FAB31 /* Project object */;
			proxyType = 1;
			remoteGlobalIDString = 198A4734181F7C88008FAB31;
			remoteInfo = CameraCapture;
		};
/* End PBXContainerItemProxy section */

/* Begin PBXFileReference section */
		198A4735181F7C88008FAB31 /* CameraCapture.app */ = {isa = PBXFileReference; explicitFileType = wrapper.application; includeInIndex = 0; path = CameraCapture.app; sourceTree = BUILT_PRODUCTS_DIR; };
		198A4738181F7C88008FAB31 /* Foundation.framework */ = {isa = PBXFileReference; lastKnownFileType = wrapper.framework; name = Foundation.framework; path = System/Library/Frameworks/Foundation.framework; sourceTree = SDKROOT; };
		198A473A181F7C88008FAB31 /* CoreGraphics.framework */ = {isa = PBXFileReference; lastKnownFileType = wrapper.framework; name = CoreGraphics.framework; path = System/Library/Frameworks/CoreGraphics.framework; sourceTree = SDKROOT; };
		198A473C181F7C88008FAB31 /* UIKit.framework */ = {isa = PBXFileReference; lastKnownFileType = wrapper.framework; name = UIKit.framework; path = System/Library/Frameworks/UIKit.framework; sourceTree = SDKROOT; };
		198A4740181F7C88008FAB31 /* CameraCapture-Info.plist */ = {isa = PBXFileReference; lastKnownFileType = text.plist.xml; path = "CameraCapture-Info.plist"; sourceTree = "<group>"; };
		198A4742181F7C88008FAB31 /* en */ = {isa = PBXFileReference; lastKnownFileType = text.plist.strings; name = en; path = en.lproj/InfoPlist.strings; sourceTree = "<group>"; };
		198A4744181F7C88008FAB31 /* main.m */ = {isa = PBXFileReference; lastKnownFileType = sourcecode.c.objc; path = main.m; sourceTree = "<group>"; };
		198A4746181F7C88008FAB31 /* CameraCapture-Prefix.pch */ = {isa = PBXFileReference; lastKnownFileType = sourcecode.c.h; path = "CameraCapture-Prefix.pch"; sourceTree = "<group>"; };
		198A4747181F7C88008FAB31 /* AppDelegate.h */ = {isa = PBXFileReference; lastKnownFileType = sourcecode.c.h; path = AppDelegate.h; sourceTree = "<group>"; };
		198A4748181F7C88008FAB31 /* AppDelegate.m */ = {isa = PBXFileReference; lastKnownFileType = sourcecode.c.objc; path = AppDelegate.m; sourceTree = "<group>"; };
		198A474B181F7C88008FAB31 /* Base */ = {isa = PBXFileReference; lastKnownFileType = file.storyboard; name = Base; path = Base.lproj/Main_iPhone.storyboard; sourceTree = "<group>"; };
		198A474E181F7C88008FAB31 /* Base */ = {isa = PBXFileReference; lastKnownFileType = file.storyboard; name = Base; path = Base.lproj/Main_iPad.storyboard; sourceTree = "<group>"; };
		198A4750181F7C88008FAB31 /* ViewController.h */ = {isa = PBXFileReference; lastKnownFileType = sourcecode.c.h; path = ViewController.h; sourceTree = "<group>"; };
		198A4751181F7C88008FAB31 /* ViewController.m */ = {isa = PBXFileReference; lastKnownFileType = sourcecode.c.objc; path = ViewController.m; sourceTree = "<group>"; };
		198A4753181F7C88008FAB31 /* Images.xcassets */ = {isa = PBXFileReference; lastKnownFileType = folder.assetcatalog; path = Images.xcassets; sourceTree = "<group>"; };
		198A4759181F7C88008FAB31 /* CameraCaptureTests.xctest */ = {isa = PBXFileReference; explicitFileType = wrapper.cfbundle; includeInIndex = 0; path = CameraCaptureTests.xctest; sourceTree = BUILT_PRODUCTS_DIR; };
		198A475A181F7C88008FAB31 /* XCTest.framework */ = {isa = PBXFileReference; lastKnownFileType = wrapper.framework; name = XCTest.framework; path = Library/Frameworks/XCTest.framework; sourceTree = DEVELOPER_DIR; };
		198A4762181F7C88008FAB31 /* CameraCaptureTests-Info.plist */ = {isa = PBXFileReference; lastKnownFileType = text.plist.xml; path = "CameraCaptureTests-Info.plist"; sourceTree = "<group>"; };
		198A4764181F7C88008FAB31 /* en */ = {isa = PBXFileReference; lastKnownFileType = text.plist.strings; name = en; path = en.lproj/InfoPlist.strings; sourceTree = "<group>"; };
		198A4766181F7C88008FAB31 /* CameraCaptureTests.m */ = {isa = PBXFileReference; lastKnownFileType = sourcecode.c.objc; path = CameraCaptureTests.m; sourceTree = "<group>"; };
		198A4770181F7CDB008FAB31 /* AVFoundation.framework */ = {isa = PBXFileReference; lastKnownFileType = wrapper.framework; name = AVFoundation.framework; path = System/Library/Frameworks/AVFoundation.framework; sourceTree = SDKROOT; };
/* End PBXFileReference section */

/* Begin PBXFrameworksBuildPhase section */
		198A4732181F7C88008FAB31 /* Frameworks */ = {
			isa = PBXFrameworksBuildPhase;
			buildActionMask = 2147483647;
			files = (
				198A4771181F7CDB008FAB31 /* AVFoundation.framework in Frameworks */,
				198A473B181F7C88008FAB31 /* CoreGraphics.framework in Frameworks */,
				198A473D181F7C88008FAB31 /* UIKit.framework in Frameworks */,
				198A4739181F7C88008FAB31 /* Foundation.framework in Frameworks */,
			);
			runOnlyForDeploymentPostprocessing = 0;
		};
		198A4756181F7C88008FAB31 /* Frameworks */ = {
			isa = PBXFrameworksBuildPhase;
			buildActionMask = 2147483647;
			files = (
				198A475B181F7C88008FAB31 /* XCTest.framework in Frameworks */,
				198A475D181F7C88008FAB31 /* UIKit.framework in Frameworks */,
				198A475C181F7C88008FAB31 /* Foundation.framework in Frameworks */,
			);
			runOnlyForDeploymentPostprocessing = 0;
		};
/* End PBXFrameworksBuildPhase section */

/* Begin PBXGroup section */
		198A472C181F7C88008FAB31 = {
			isa = PBXGroup;
			children = (
				198A473E181F7C88008FAB31 /* CameraCapture */,
				198A4760181F7C88008FAB31 /* CameraCaptureTests */,
				198A4737181F7C88008FAB31 /* Frameworks */,
				198A4736181F7C88008FAB31 /* Products */,
			);
			sourceTree = "<group>";
		};
		198A4736181F7C88008FAB31 /* Products */ = {
			isa = PBXGroup;
			children = (
				198A4735181F7C88008FAB31 /* CameraCapture.app */,
				198A4759181F7C88008FAB31 /* CameraCaptureTests.xctest */,
			);
			name = Products;
			sourceTree = "<group>";
		};
		198A4737181F7C88008FAB31 /* Frameworks */ = {
			isa = PBXGroup;
			children = (
				198A4770181F7CDB008FAB31 /* AVFoundation.framework */,
				198A4738181F7C88008FAB31 /* Foundation.framework */,
				198A473A181F7C88008FAB31 /* CoreGraphics.framework */,
				198A473C181F7C88008FAB31 /* UIKit.framework */,
				198A475A181F7C88008FAB31 /* XCTest.framework */,
			);
			name = Frameworks;
			sourceTree = "<group>";
		};
		198A473E181F7C88008FAB31 /* CameraCapture */ = {
			isa = PBXGroup;
			children = (
				198A4747181F7C88008FAB31 /* AppDelegate.h */,
				198A4748181F7C88008FAB31 /* AppDelegate.m */,
				198A474A181F7C88008FAB31 /* Main_iPhone.storyboard */,
				198A474D181F7C88008FAB31 /* Main_iPad.storyboard */,
				198A4750181F7C88008FAB31 /* ViewController.h */,
				198A4751181F7C88008FAB31 /* ViewController.m */,
				198A4753181F7C88008FAB31 /* Images.xcassets */,
				198A473F181F7C88008FAB31 /* Supporting Files */,
			);
			path = CameraCapture;
			sourceTree = "<group>";
		};
		198A473F181F7C88008FAB31 /* Supporting Files */ = {
			isa = PBXGroup;
			children = (
				198A4740181F7C88008FAB31 /* CameraCapture-Info.plist */,
				198A4741181F7C88008FAB31 /* InfoPlist.strings */,
				198A4744181F7C88008FAB31 /* main.m */,
				198A4746181F7C88008FAB31 /* CameraCapture-Prefix.pch */,
			);
			name = "Supporting Files";
			sourceTree = "<group>";
		};
		198A4760181F7C88008FAB31 /* CameraCaptureTests */ = {
			isa = PBXGroup;
			children = (
				198A4766181F7C88008FAB31 /* CameraCaptureTests.m */,
				198A4761181F7C88008FAB31 /* Supporting Files */,
			);
			path = CameraCaptureTests;
			sourceTree = "<group>";
		};
		198A4761181F7C88008FAB31 /* Supporting Files */ = {
			isa = PBXGroup;
			children = (
				198A4762181F7C88008FAB31 /* CameraCaptureTests-Info.plist */,
				198A4763181F7C88008FAB31 /* InfoPlist.strings */,
			);
			name = "Supporting Files";
			sourceTree = "<group>";
		};
/* End PBXGroup section */

/* Begin PBXNativeTarget section */
		198A4734181F7C88008FAB31 /* CameraCapture */ = {
			isa = PBXNativeTarget;
			buildConfigurationList = 198A476A181F7C88008FAB31 /* Build configuration list for PBXNativeTarget "CameraCapture" */;
			buildPhases = (
				198A4731181F7C88008FAB31 /* Sources */,
				198A4732181F7C88008FAB31 /* Frameworks */,
				198A4733181F7C88008FAB31 /* Resources */,
			);
			buildRules = (
			);
			dependencies = (
			);
			name = CameraCapture;
			productName = CameraCapture;
			productReference = 198A4735181F7C88008FAB31 /* CameraCapture.app */;
			productType = "com.apple.product-type.application";
		};
		198A4758181F7C88008FAB31 /* CameraCaptureTests */ = {
			isa = PBXNativeTarget;
			buildConfigurationList = 198A476D181F7C88008FAB31 /* Build configuration list for PBXNativeTarget "CameraCaptureTests" */;
			buildPhases = (
				198A4755181F7C88008FAB31 /* Sources */,
				198A4756181F7C88008FAB31 /* Frameworks */,
				198A4757181F7C88008FAB31 /* Resources */,
			);
			buildRules = (
			);
			dependencies = (
				198A475F181F7C88008FAB31 /* PBXTargetDependency */,
			);
			name = CameraCaptureTests;
			productName = CameraCaptureTests;
			productReference = 198A4759181F7C88008FAB31 /* CameraCaptureTests.xctest */;
			productType = "com.apple.product-type.bundle.unit-test";
		};
/* End PBXNativeTarget section */

/* Begin PBXProject section */
		198A472D181F7C88008FAB31 /* Project object */ = {
			isa = PBXProject;
			attributes = {
				LastUpgradeCheck = 0500;
				ORGANIZATIONNAME = "Arno in Wolde Lübke";
				TargetAttributes = {
					198A4758181F7C88008FAB31 = {
						TestTargetID = 198A4734181F7C88008FAB31;
					};
				};
			};
			buildConfigurationList = 198A4730181F7C88008FAB31 /* Build configuration list for PBXProject "CameraCapture" */;
			compatibilityVersion = "Xcode 3.2";
			developmentRegion = English;
			hasScannedForEncodings = 0;
			knownRegions = (
				en,
				Base,
			);
			mainGroup = 198A472C181F7C88008FAB31;
			productRefGroup = 198A4736181F7C88008FAB31 /* Products */;
			projectDirPath = "";
			projectRoot = "";
			targets = (
				198A4734181F7C88008FAB31 /* CameraCapture */,
				198A4758181F7C88008FAB31 /* CameraCaptureTests */,
			);
		};
/* End PBXProject section */

/* Begin PBXResourcesBuildPhase section */
		198A4733181F7C88008FAB31 /* Resources */ = {
			isa = PBXResourcesBuildPhase;
			buildActionMask = 2147483647;
			files = (
				198A474F181F7C88008FAB31 /* Main_iPad.storyboard in Resources */,
				198A4754181F7C88008FAB31 /* Images.xcassets in Resources */,
				198A474C181F7C88008FAB31 /* Main_iPhone.storyboard in Resources */,
				198A4743181F7C88008FAB31 /* InfoPlist.strings in Resources */,
			);
			runOnlyForDeploymentPostprocessing = 0;
		};
		198A4757181F7C88008FAB31 /* Resources */ = {
			isa = PBXResourcesBuildPhase;
			buildActionMask = 2147483647;
			files = (
				198A4765181F7C88008FAB31 /* InfoPlist.strings in Resources */,
			);
			runOnlyForDeploymentPostprocessing = 0;
		};
/* End PBXResourcesBuildPhase section */

/* Begin PBXSourcesBuildPhase section */
		198A4731181F7C88008FAB31 /* Sources */ = {
			isa = PBXSourcesBuildPhase;
			buildActionMask = 2147483647;
			files = (
				198A4752181F7C88008FAB31 /* ViewController.m in Sources */,
				198A4749181F7C88008FAB31 /* AppDelegate.m in Sources */,
				198A4745181F7C88008FAB31 /* main.m in Sources */,
			);
			runOnlyForDeploymentPostprocessing = 0;
		};
		198A4755181F7C88008FAB31 /* Sources */ = {
			isa = PBXSourcesBuildPhase;
			buildActionMask = 2147483647;
			files = (
				198A4767181F7C88008FAB31 /* CameraCaptureTests.m in Sources */,
			);
			runOnlyForDeploymentPostprocessing = 0;
		};
/* End PBXSourcesBuildPhase section */

/* Begin PBXTargetDependency section */
		198A475F181F7C88008FAB31 /* PBXTargetDependency */ = {
			isa = PBXTargetDependency;
			target = 198A4734181F7C88008FAB31 /* CameraCapture */;
			targetProxy = 198A475E181F7C88008FAB31 /* PBXContainerItemProxy */;
		};
/* End PBXTargetDependency section */

/* Begin PBXVariantGroup section */
		198A4741181F7C88008FAB31 /* InfoPlist.strings */ = {
			isa = PBXVariantGroup;
			children = (
				198A4742181F7C88008FAB31 /* en */,
			);
			name = InfoPlist.strings;
			sourceTree = "<group>";
		};
		198A474A181F7C88008FAB31 /* Main_iPhone.storyboard */ = {
			isa = PBXVariantGroup;
			children = (
				198A474B181F7C88008FAB31 /* Base */,
			);
			name = Main_iPhone.storyboard;
			sourceTree = "<group>";
		};
		198A474D181F7C88008FAB31 /* Main_iPad.storyboard */ = {
			isa = PBXVariantGroup;
			children = (
				198A474E181F7C88008FAB31 /* Base */,
			);
			name = Main_iPad.storyboard;
			sourceTree = "<group>";
		};
		198A4763181F7C88008FAB31 /* InfoPlist.strings */ = {
			isa = PBXVariantGroup;
			children = (
				198A4764181F7C88008FAB31 /* en */,
			);
			name = InfoPlist.strings;
			sourceTree = "<group>";
		};
/* End PBXVariantGroup section */

/* Begin XCBuildConfiguration section */
		198A4768181F7C88008FAB31 /* Debug */ = {
			isa = XCBuildConfiguration;
			buildSettings = {
				ALWAYS_SEARCH_USER_PATHS = NO;
				ARCHS = "$(ARCHS_STANDARD_INCLUDING_64_BIT)";
				CLANG_CXX_LANGUAGE_STANDARD = "gnu++0x";
				CLANG_CXX_LIBRARY = "libc++";
				CLANG_ENABLE_MODULES = YES;
				CLANG_ENABLE_OBJC_ARC = YES;
				CLANG_WARN_BOOL_CONVERSION = YES;
				CLANG_WARN_CONSTANT_CONVERSION = YES;
				CLANG_WARN_DIRECT_OBJC_ISA_USAGE = YES_ERROR;
				CLANG_WARN_EMPTY_BODY = YES;
				CLANG_WARN_ENUM_CONVERSION = YES;
				CLANG_WARN_INT_CONVERSION = YES;
				CLANG_WARN_OBJC_ROOT_CLASS = YES_ERROR;
				CLANG_WARN__DUPLICATE_METHOD_MATCH = YES;
				"CODE_SIGN_IDENTITY[sdk=iphoneos*]" = "iPhone Developer";
				COPY_PHASE_STRIP = NO;
				GCC_C_LANGUAGE_STANDARD = gnu99;
				GCC_DYNAMIC_NO_PIC = NO;
				GCC_OPTIMIZATION_LEVEL = 0;
				GCC_PREPROCESSOR_DEFINITIONS = (
					"DEBUG=1",
					"$(inherited)",
				);
				GCC_SYMBOLS_PRIVATE_EXTERN = NO;
				GCC_WARN_64_TO_32_BIT_CONVERSION = YES;
				GCC_WARN_ABOUT_RETURN_TYPE = YES_ERROR;
				GCC_WARN_UNDECLARED_SELECTOR = YES;
				GCC_WARN_UNINITIALIZED_AUTOS = YES;
				GCC_WARN_UNUSED_FUNCTION = YES;
				GCC_WARN_UNUSED_VARIABLE = YES;
				IPHONEOS_DEPLOYMENT_TARGET = 6.1;
				ONLY_ACTIVE_ARCH = YES;
				PROVISIONING_PROFILE = "8803A4A0-B2EB-4448-BAA8-0EA281857374";
				SDKROOT = iphoneos;
				TARGETED_DEVICE_FAMILY = "1,2";
			};
			name = Debug;
		};
		198A4769181F7C88008FAB31 /* Release */ = {
			isa = XCBuildConfiguration;
			buildSettings = {
				ALWAYS_SEARCH_USER_PATHS = NO;
				ARCHS = "$(ARCHS_STANDARD_INCLUDING_64_BIT)";
				CLANG_CXX_LANGUAGE_STANDARD = "gnu++0x";
				CLANG_CXX_LIBRARY = "libc++";
				CLANG_ENABLE_MODULES = YES;
				CLANG_ENABLE_OBJC_ARC = YES;
				CLANG_WARN_BOOL_CONVERSION = YES;
				CLANG_WARN_CONSTANT_CONVERSION = YES;
				CLANG_WARN_DIRECT_OBJC_ISA_USAGE = YES_ERROR;
				CLANG_WARN_EMPTY_BODY = YES;
				CLANG_WARN_ENUM_CONVERSION = YES;
				CLANG_WARN_INT_CONVERSION = YES;
				CLANG_WARN_OBJC_ROOT_CLASS = YES_ERROR;
				CLANG_WARN__DUPLICATE_METHOD_MATCH = YES;
				"CODE_SIGN_IDENTITY[sdk=iphoneos*]" = "iPhone Developer";
				COPY_PHASE_STRIP = YES;
				ENABLE_NS_ASSERTIONS = NO;
				GCC_C_LANGUAGE_STANDARD = gnu99;
				GCC_WARN_64_TO_32_BIT_CONVERSION = YES;
				GCC_WARN_ABOUT_RETURN_TYPE = YES_ERROR;
				GCC_WARN_UNDECLARED_SELECTOR = YES;
				GCC_WARN_UNINITIALIZED_AUTOS = YES;
				GCC_WARN_UNUSED_FUNCTION = YES;
				GCC_WARN_UNUSED_VARIABLE = YES;
				IPHONEOS_DEPLOYMENT_TARGET = 6.1;
				PROVISIONING_PROFILE = "8803A4A0-B2EB-4448-BAA8-0EA281857374";
				SDKROOT = iphoneos;
				TARGETED_DEVICE_FAMILY = "1,2";
				VALIDATE_PRODUCT = YES;
			};
			name = Release;
		};
		198A476B181F7C88008FAB31 /* Debug */ = {
			isa = XCBuildConfiguration;
			buildSettings = {
				ASSETCATALOG_COMPILER_APPICON_NAME = AppIcon;
				ASSETCATALOG_COMPILER_LAUNCHIMAGE_NAME = LaunchImage;
				GCC_PRECOMPILE_PREFIX_HEADER = YES;
				GCC_PREFIX_HEADER = "CameraCapture/CameraCapture-Prefix.pch";
				INFOPLIST_FILE = "CameraCapture/CameraCapture-Info.plist";
				PRODUCT_NAME = "$(TARGET_NAME)";
				WRAPPER_EXTENSION = app;
			};
			name = Debug;
		};
		198A476C181F7C88008FAB31 /* Release */ = {
			isa = XCBuildConfiguration;
			buildSettings = {
				ASSETCATALOG_COMPILER_APPICON_NAME = AppIcon;
				ASSETCATALOG_COMPILER_LAUNCHIMAGE_NAME = LaunchImage;
				GCC_PRECOMPILE_PREFIX_HEADER = YES;
				GCC_PREFIX_HEADER = "CameraCapture/CameraCapture-Prefix.pch";
				INFOPLIST_FILE = "CameraCapture/CameraCapture-Info.plist";
				PRODUCT_NAME = "$(TARGET_NAME)";
				WRAPPER_EXTENSION = app;
			};
			name = Release;
		};
		198A476E181F7C88008FAB31 /* Debug */ = {
			isa = XCBuildConfiguration;
			buildSettings = {
				ARCHS = "$(ARCHS_STANDARD_INCLUDING_64_BIT)";
				BUNDLE_LOADER = "$(BUILT_PRODUCTS_DIR)/CameraCapture.app/CameraCapture";
				FRAMEWORK_SEARCH_PATHS = (
					"$(SDKROOT)/Developer/Library/Frameworks",
					"$(inherited)",
					"$(DEVELOPER_FRAMEWORKS_DIR)",
				);
				GCC_PRECOMPILE_PREFIX_HEADER = YES;
				GCC_PREFIX_HEADER = "CameraCapture/CameraCapture-Prefix.pch";
				GCC_PREPROCESSOR_DEFINITIONS = (
					"DEBUG=1",
					"$(inherited)",
				);
				INFOPLIST_FILE = "CameraCaptureTests/CameraCaptureTests-Info.plist";
				PRODUCT_NAME = "$(TARGET_NAME)";
				TEST_HOST = "$(BUNDLE_LOADER)";
				WRAPPER_EXTENSION = xctest;
			};
			name = Debug;
		};
		198A476F181F7C88008FAB31 /* Release */ = {
			isa = XCBuildConfiguration;
			buildSettings = {
				ARCHS = "$(ARCHS_STANDARD_INCLUDING_64_BIT)";
				BUNDLE_LOADER = "$(BUILT_PRODUCTS_DIR)/CameraCapture.app/CameraCapture";
				FRAMEWORK_SEARCH_PATHS = (
					"$(SDKROOT)/Developer/Library/Frameworks",
					"$(inherited)",
					"$(DEVELOPER_FRAMEWORKS_DIR)",
				);
				GCC_PRECOMPILE_PREFIX_HEADER = YES;
				GCC_PREFIX_HEADER = "CameraCapture/CameraCapture-Prefix.pch";
				INFOPLIST_FILE = "CameraCaptureTests/CameraCaptureTests-Info.plist";
				PRODUCT_NAME = "$(TARGET_NAME)";
				TEST_HOST = "$(BUNDLE_LOADER)";
				WRAPPER_EXTENSION = xctest;
			};
			name = Release;
		};
/* End XCBuildConfiguration section */

/* Begin XCConfigurationList section */
		198A4730181F7C88008FAB31 /* Build configuration list for PBXProject "CameraCapture" */ = {
			isa = XCConfigurationList;
			buildConfigurations = (
				198A4768181F7C88008FAB31 /* Debug */,
				198A4769181F7C88008FAB31 /* Release */,
			);
			defaultConfigurationIsVisible = 0;
			defaultConfigurationName = Release;
		};
		198A476A181F7C88008FAB31 /* Build configuration list for PBXNativeTarget "CameraCapture" */ = {
			isa = XCConfigurationList;
			buildConfigurations = (
				198A476B181F7C88008FAB31 /* Debug */,
				198A476C181F7C88008FAB31 /* Release */,
			);
			defaultConfigurationIsVisible = 0;
			defaultConfigurationName = Release;
		};
		198A476D181F7C88008FAB31 /* Build configuration list for PBXNativeTarget "CameraCaptureTests" */ = {
			isa = XCConfigurationList;
			buildConfigurations = (
				198A476E181F7C88008FAB31 /* Debug */,
				198A476F181F7C88008FAB31 /* Release */,
			);
			defaultConfigurationIsVisible = 0;
			defaultConfigurationName = Release;
		};
/* End XCConfigurationList section */
	};
	rootObject = 198A472D181F7C88008FAB31 /* Project object */;
}
